// !$*UTF8*$!
{
	archiveVersion = 1;
	classes = {
	};
	objectVersion = 56;
	objects = {

/* Begin PBXBuildFile section */
		DE65BE1C2B0E5D9700B2D4A4 /* DiceRoller.swift in Sources */ = {isa = PBXBuildFile; fileRef = DE65BE1B2B0E5D9700B2D4A4 /* DiceRoller.swift */; };
		DE6A5FE32B0E58B5002DBAFA /* diceApp.swift in Sources */ = {isa = PBXBuildFile; fileRef = DE6A5FE22B0E58B5002DBAFA /* diceApp.swift */; };
		DE6A5FE52B0E58B5002DBAFA /* ContentView.swift in Sources */ = {isa = PBXBuildFile; fileRef = DE6A5FE42B0E58B5002DBAFA /* ContentView.swift */; };
		DE6A5FE72B0E58B6002DBAFA /* Assets.xcassets in Resources */ = {isa = PBXBuildFile; fileRef = DE6A5FE62B0E58B6002DBAFA /* Assets.xcassets */; };
		DE6A5FEA2B0E58B6002DBAFA /* Preview Assets.xcassets in Resources */ = {isa = PBXBuildFile; fileRef = DE6A5FE92B0E58B6002DBAFA /* Preview Assets.xcassets */; };
		DE6A5FF42B0E58B7002DBAFA /* diceTests.swift in Sources */ = {isa = PBXBuildFile; fileRef = DE6A5FF32B0E58B7002DBAFA /* diceTests.swift */; };
		DE6A5FFE2B0E58B7002DBAFA /* diceUITests.swift in Sources */ = {isa = PBXBuildFile; fileRef = DE6A5FFD2B0E58B7002DBAFA /* diceUITests.swift */; };
		DE6A60002B0E58B7002DBAFA /* diceUITestsLaunchTests.swift in Sources */ = {isa = PBXBuildFile; fileRef = DE6A5FFF2B0E58B7002DBAFA /* diceUITestsLaunchTests.swift */; };
/* End PBXBuildFile section */

/* Begin PBXContainerItemProxy section */
		DE6A5FF02B0E58B7002DBAFA /* PBXContainerItemProxy */ = {
			isa = PBXContainerItemProxy;
			containerPortal = DE6A5FD72B0E58B5002DBAFA /* Project object */;
			proxyType = 1;
			remoteGlobalIDString = DE6A5FDE2B0E58B5002DBAFA;
			remoteInfo = dice;
		};
		DE6A5FFA2B0E58B7002DBAFA /* PBXContainerItemProxy */ = {
			isa = PBXContainerItemProxy;
			containerPortal = DE6A5FD72B0E58B5002DBAFA /* Project object */;
			proxyType = 1;
			remoteGlobalIDString = DE6A5FDE2B0E58B5002DBAFA;
			remoteInfo = dice;
		};
/* End PBXContainerItemProxy section */

/* Begin PBXFileReference section */
		DE65BE1B2B0E5D9700B2D4A4 /* DiceRoller.swift */ = {isa = PBXFileReference; lastKnownFileType = sourcecode.swift; path = DiceRoller.swift; sourceTree = "<group>"; };
		DE6A5FDF2B0E58B5002DBAFA /* dice.app */ = {isa = PBXFileReference; explicitFileType = wrapper.application; includeInIndex = 0; path = dice.app; sourceTree = BUILT_PRODUCTS_DIR; };
		DE6A5FE22B0E58B5002DBAFA /* diceApp.swift */ = {isa = PBXFileReference; lastKnownFileType = sourcecode.swift; path = diceApp.swift; sourceTree = "<group>"; };
		DE6A5FE42B0E58B5002DBAFA /* ContentView.swift */ = {isa = PBXFileReference; lastKnownFileType = sourcecode.swift; path = ContentView.swift; sourceTree = "<group>"; };
		DE6A5FE62B0E58B6002DBAFA /* Assets.xcassets */ = {isa = PBXFileReference; lastKnownFileType = folder.assetcatalog; path = Assets.xcassets; sourceTree = "<group>"; };
		DE6A5FE92B0E58B6002DBAFA /* Preview Assets.xcassets */ = {isa = PBXFileReference; lastKnownFileType = folder.assetcatalog; path = "Preview Assets.xcassets"; sourceTree = "<group>"; };
		DE6A5FEF2B0E58B7002DBAFA /* diceTests.xctest */ = {isa = PBXFileReference; explicitFileType = wrapper.cfbundle; includeInIndex = 0; path = diceTests.xctest; sourceTree = BUILT_PRODUCTS_DIR; };
		DE6A5FF32B0E58B7002DBAFA /* diceTests.swift */ = {isa = PBXFileReference; lastKnownFileType = sourcecode.swift; path = diceTests.swift; sourceTree = "<group>"; };
		DE6A5FF92B0E58B7002DBAFA /* diceUITests.xctest */ = {isa = PBXFileReference; explicitFileType = wrapper.cfbundle; includeInIndex = 0; path = diceUITests.xctest; sourceTree = BUILT_PRODUCTS_DIR; };
		DE6A5FFD2B0E58B7002DBAFA /* diceUITests.swift */ = {isa = PBXFileReference; lastKnownFileType = sourcecode.swift; path = diceUITests.swift; sourceTree = "<group>"; };
		DE6A5FFF2B0E58B7002DBAFA /* diceUITestsLaunchTests.swift */ = {isa = PBXFileReference; lastKnownFileType = sourcecode.swift; path = diceUITestsLaunchTests.swift; sourceTree = "<group>"; };
/* End PBXFileReference section */

/* Begin PBXFrameworksBuildPhase section */
		DE6A5FDC2B0E58B5002DBAFA /* Frameworks */ = {
			isa = PBXFrameworksBuildPhase;
			buildActionMask = 2147483647;
			files = (
			);
			runOnlyForDeploymentPostprocessing = 0;
		};
		DE6A5FEC2B0E58B7002DBAFA /* Frameworks */ = {
			isa = PBXFrameworksBuildPhase;
			buildActionMask = 2147483647;
			files = (
			);
			runOnlyForDeploymentPostprocessing = 0;
		};
		DE6A5FF62B0E58B7002DBAFA /* Frameworks */ = {
			isa = PBXFrameworksBuildPhase;
			buildActionMask = 2147483647;
			files = (
			);
			runOnlyForDeploymentPostprocessing = 0;
		};
/* End PBXFrameworksBuildPhase section */

/* Begin PBXGroup section */
		DE6A5FD62B0E58B5002DBAFA = {
			isa = PBXGroup;
			children = (
				DE6A5FE12B0E58B5002DBAFA /* dice */,
				DE6A5FF22B0E58B7002DBAFA /* diceTests */,
				DE6A5FFC2B0E58B7002DBAFA /* diceUITests */,
				DE6A5FE02B0E58B5002DBAFA /* Products */,
			);
			sourceTree = "<group>";
		};
		DE6A5FE02B0E58B5002DBAFA /* Products */ = {
			isa = PBXGroup;
			children = (
				DE6A5FDF2B0E58B5002DBAFA /* dice.app */,
				DE6A5FEF2B0E58B7002DBAFA /* diceTests.xctest */,
				DE6A5FF92B0E58B7002DBAFA /* diceUITests.xctest */,
			);
			name = Products;
			sourceTree = "<group>";
		};
		DE6A5FE12B0E58B5002DBAFA /* dice */ = {
			isa = PBXGroup;
			children = (
				DE6A5FE22B0E58B5002DBAFA /* diceApp.swift */,
				DE6A5FE42B0E58B5002DBAFA /* ContentView.swift */,
				DE65BE1B2B0E5D9700B2D4A4 /* DiceRoller.swift */,
				DE6A5FE62B0E58B6002DBAFA /* Assets.xcassets */,
				DE6A5FE82B0E58B6002DBAFA /* Preview Content */,
			);
			path = dice;
			sourceTree = "<group>";
		};
		DE6A5FE82B0E58B6002DBAFA /* Preview Content */ = {
			isa = PBXGroup;
			children = (
				DE6A5FE92B0E58B6002DBAFA /* Preview Assets.xcassets */,
			);
			path = "Preview Content";
			sourceTree = "<group>";
		};
		DE6A5FF22B0E58B7002DBAFA /* diceTests */ = {
			isa = PBXGroup;
			children = (
				DE6A5FF32B0E58B7002DBAFA /* diceTests.swift */,
			);
			path = diceTests;
			sourceTree = "<group>";
		};
		DE6A5FFC2B0E58B7002DBAFA /* diceUITests */ = {
			isa = PBXGroup;
			children = (
				DE6A5FFD2B0E58B7002DBAFA /* diceUITests.swift */,
				DE6A5FFF2B0E58B7002DBAFA /* diceUITestsLaunchTests.swift */,
			);
			path = diceUITests;
			sourceTree = "<group>";
		};
/* End PBXGroup section */

/* Begin PBXNativeTarget section */
		DE6A5FDE2B0E58B5002DBAFA /* dice */ = {
			isa = PBXNativeTarget;
			buildConfigurationList = DE6A60032B0E58B7002DBAFA /* Build configuration list for PBXNativeTarget "dice" */;
			buildPhases = (
				DE6A5FDB2B0E58B5002DBAFA /* Sources */,
				DE6A5FDC2B0E58B5002DBAFA /* Frameworks */,
				DE6A5FDD2B0E58B5002DBAFA /* Resources */,
			);
			buildRules = (
			);
			dependencies = (
			);
			name = dice;
			productName = dice;
			productReference = DE6A5FDF2B0E58B5002DBAFA /* dice.app */;
			productType = "com.apple.product-type.application";
		};
		DE6A5FEE2B0E58B7002DBAFA /* diceTests */ = {
			isa = PBXNativeTarget;
			buildConfigurationList = DE6A60062B0E58B7002DBAFA /* Build configuration list for PBXNativeTarget "diceTests" */;
			buildPhases = (
				DE6A5FEB2B0E58B7002DBAFA /* Sources */,
				DE6A5FEC2B0E58B7002DBAFA /* Frameworks */,
				DE6A5FED2B0E58B7002DBAFA /* Resources */,
			);
			buildRules = (
			);
			dependencies = (
				DE6A5FF12B0E58B7002DBAFA /* PBXTargetDependency */,
			);
			name = diceTests;
			productName = diceTests;
			productReference = DE6A5FEF2B0E58B7002DBAFA /* diceTests.xctest */;
			productType = "com.apple.product-type.bundle.unit-test";
		};
		DE6A5FF82B0E58B7002DBAFA /* diceUITests */ = {
			isa = PBXNativeTarget;
			buildConfigurationList = DE6A60092B0E58B7002DBAFA /* Build configuration list for PBXNativeTarget "diceUITests" */;
			buildPhases = (
				DE6A5FF52B0E58B7002DBAFA /* Sources */,
				DE6A5FF62B0E58B7002DBAFA /* Frameworks */,
				DE6A5FF72B0E58B7002DBAFA /* Resources */,
			);
			buildRules = (
			);
			dependencies = (
				DE6A5FFB2B0E58B7002DBAFA /* PBXTargetDependency */,
			);
			name = diceUITests;
			productName = diceUITests;
			productReference = DE6A5FF92B0E58B7002DBAFA /* diceUITests.xctest */;
			productType = "com.apple.product-type.bundle.ui-testing";
		};
/* End PBXNativeTarget section */

/* Begin PBXProject section */
		DE6A5FD72B0E58B5002DBAFA /* Project object */ = {
			isa = PBXProject;
			attributes = {
				BuildIndependentTargetsInParallel = 1;
				LastSwiftUpdateCheck = 1430;
				LastUpgradeCheck = 1430;
				TargetAttributes = {
					DE6A5FDE2B0E58B5002DBAFA = {
						CreatedOnToolsVersion = 14.3.1;
					};
					DE6A5FEE2B0E58B7002DBAFA = {
						CreatedOnToolsVersion = 14.3.1;
						TestTargetID = DE6A5FDE2B0E58B5002DBAFA;
					};
					DE6A5FF82B0E58B7002DBAFA = {
						CreatedOnToolsVersion = 14.3.1;
						TestTargetID = DE6A5FDE2B0E58B5002DBAFA;
					};
				};
			};
			buildConfigurationList = DE6A5FDA2B0E58B5002DBAFA /* Build configuration list for PBXProject "dice" */;
			compatibilityVersion = "Xcode 14.0";
			developmentRegion = en;
			hasScannedForEncodings = 0;
			knownRegions = (
				en,
				Base,
			);
			mainGroup = DE6A5FD62B0E58B5002DBAFA;
			productRefGroup = DE6A5FE02B0E58B5002DBAFA /* Products */;
			projectDirPath = "";
			projectRoot = "";
			targets = (
				DE6A5FDE2B0E58B5002DBAFA /* dice */,
				DE6A5FEE2B0E58B7002DBAFA /* diceTests */,
				DE6A5FF82B0E58B7002DBAFA /* diceUITests */,
			);
		};
/* End PBXProject section */

/* Begin PBXResourcesBuildPhase section */
		DE6A5FDD2B0E58B5002DBAFA /* Resources */ = {
			isa = PBXResourcesBuildPhase;
			buildActionMask = 2147483647;
			files = (
				DE6A5FEA2B0E58B6002DBAFA /* Preview Assets.xcassets in Resources */,
				DE6A5FE72B0E58B6002DBAFA /* Assets.xcassets in Resources */,
			);
			runOnlyForDeploymentPostprocessing = 0;
		};
		DE6A5FED2B0E58B7002DBAFA /* Resources */ = {
			isa = PBXResourcesBuildPhase;
			buildActionMask = 2147483647;
			files = (
			);
			runOnlyForDeploymentPostprocessing = 0;
		};
		DE6A5FF72B0E58B7002DBAFA /* Resources */ = {
			isa = PBXResourcesBuildPhase;
			buildActionMask = 2147483647;
			files = (
			);
			runOnlyForDeploymentPostprocessing = 0;
		};
/* End PBXResourcesBuildPhase section */

/* Begin PBXSourcesBuildPhase section */
		DE6A5FDB2B0E58B5002DBAFA /* Sources */ = {
			isa = PBXSourcesBuildPhase;
			buildActionMask = 2147483647;
			files = (
				DE6A5FE52B0E58B5002DBAFA /* ContentView.swift in Sources */,
				DE6A5FE32B0E58B5002DBAFA /* diceApp.swift in Sources */,
				DE65BE1C2B0E5D9700B2D4A4 /* DiceRoller.swift in Sources */,
			);
			runOnlyForDeploymentPostprocessing = 0;
		};
		DE6A5FEB2B0E58B7002DBAFA /* Sources */ = {
			isa = PBXSourcesBuildPhase;
			buildActionMask = 2147483647;
			files = (
				DE6A5FF42B0E58B7002DBAFA /* diceTests.swift in Sources */,
			);
			runOnlyForDeploymentPostprocessing = 0;
		};
		DE6A5FF52B0E58B7002DBAFA /* Sources */ = {
			isa = PBXSourcesBuildPhase;
			buildActionMask = 2147483647;
			files = (
				DE6A5FFE2B0E58B7002DBAFA /* diceUITests.swift in Sources */,
				DE6A60002B0E58B7002DBAFA /* diceUITestsLaunchTests.swift in Sources */,
			);
			runOnlyForDeploymentPostprocessing = 0;
		};
/* End PBXSourcesBuildPhase section */

/* Begin PBXTargetDependency section */
		DE6A5FF12B0E58B7002DBAFA /* PBXTargetDependency */ = {
			isa = PBXTargetDependency;
			target = DE6A5FDE2B0E58B5002DBAFA /* dice */;
			targetProxy = DE6A5FF02B0E58B7002DBAFA /* PBXContainerItemProxy */;
		};
		DE6A5FFB2B0E58B7002DBAFA /* PBXTargetDependency */ = {
			isa = PBXTargetDependency;
			target = DE6A5FDE2B0E58B5002DBAFA /* dice */;
			targetProxy = DE6A5FFA2B0E58B7002DBAFA /* PBXContainerItemProxy */;
		};
/* End PBXTargetDependency section */

/* Begin XCBuildConfiguration section */
		DE6A60012B0E58B7002DBAFA /* Debug */ = {
			isa = XCBuildConfiguration;
			buildSettings = {
				ALWAYS_SEARCH_USER_PATHS = NO;
				CLANG_ANALYZER_NONNULL = YES;
				CLANG_ANALYZER_NUMBER_OBJECT_CONVERSION = YES_AGGRESSIVE;
				CLANG_CXX_LANGUAGE_STANDARD = "gnu++20";
				CLANG_ENABLE_MODULES = YES;
				CLANG_ENABLE_OBJC_ARC = YES;
				CLANG_ENABLE_OBJC_WEAK = YES;
				CLANG_WARN_BLOCK_CAPTURE_AUTORELEASING = YES;
				CLANG_WARN_BOOL_CONVERSION = YES;
				CLANG_WARN_COMMA = YES;
				CLANG_WARN_CONSTANT_CONVERSION = YES;
				CLANG_WARN_DEPRECATED_OBJC_IMPLEMENTATIONS = YES;
				CLANG_WARN_DIRECT_OBJC_ISA_USAGE = YES_ERROR;
				CLANG_WARN_DOCUMENTATION_COMMENTS = YES;
				CLANG_WARN_EMPTY_BODY = YES;
				CLANG_WARN_ENUM_CONVERSION = YES;
				CLANG_WARN_INFINITE_RECURSION = YES;
				CLANG_WARN_INT_CONVERSION = YES;
				CLANG_WARN_NON_LITERAL_NULL_CONVERSION = YES;
				CLANG_WARN_OBJC_IMPLICIT_RETAIN_SELF = YES;
				CLANG_WARN_OBJC_LITERAL_CONVERSION = YES;
				CLANG_WARN_OBJC_ROOT_CLASS = YES_ERROR;
				CLANG_WARN_QUOTED_INCLUDE_IN_FRAMEWORK_HEADER = YES;
				CLANG_WARN_RANGE_LOOP_ANALYSIS = YES;
				CLANG_WARN_STRICT_PROTOTYPES = YES;
				CLANG_WARN_SUSPICIOUS_MOVE = YES;
				CLANG_WARN_UNGUARDED_AVAILABILITY = YES_AGGRESSIVE;
				CLANG_WARN_UNREACHABLE_CODE = YES;
				CLANG_WARN__DUPLICATE_METHOD_MATCH = YES;
				COPY_PHASE_STRIP = NO;
				DEBUG_INFORMATION_FORMAT = dwarf;
				ENABLE_STRICT_OBJC_MSGSEND = YES;
				ENABLE_TESTABILITY = YES;
				GCC_C_LANGUAGE_STANDARD = gnu11;
				GCC_DYNAMIC_NO_PIC = NO;
				GCC_NO_COMMON_BLOCKS = YES;
				GCC_OPTIMIZATION_LEVEL = 0;
				GCC_PREPROCESSOR_DEFINITIONS = (
					"DEBUG=1",
					"$(inherited)",
				);
				GCC_WARN_64_TO_32_BIT_CONVERSION = YES;
				GCC_WARN_ABOUT_RETURN_TYPE = YES_ERROR;
				GCC_WARN_UNDECLARED_SELECTOR = YES;
				GCC_WARN_UNINITIALIZED_AUTOS = YES_AGGRESSIVE;
				GCC_WARN_UNUSED_FUNCTION = YES;
				GCC_WARN_UNUSED_VARIABLE = YES;
				IPHONEOS_DEPLOYMENT_TARGET = 16.4;
				MTL_ENABLE_DEBUG_INFO = INCLUDE_SOURCE;
				MTL_FAST_MATH = YES;
				ONLY_ACTIVE_ARCH = YES;
				SDKROOT = iphoneos;
				SWIFT_ACTIVE_COMPILATION_CONDITIONS = DEBUG;
				SWIFT_OPTIMIZATION_LEVEL = "-Onone";
			};
			name = Debug;
		};
		DE6A60022B0E58B7002DBAFA /* Release */ = {
			isa = XCBuildConfiguration;
			buildSettings = {
				ALWAYS_SEARCH_USER_PATHS = NO;
				CLANG_ANALYZER_NONNULL = YES;
				CLANG_ANALYZER_NUMBER_OBJECT_CONVERSION = YES_AGGRESSIVE;
				CLANG_CXX_LANGUAGE_STANDARD = "gnu++20";
				CLANG_ENABLE_MODULES = YES;
				CLANG_ENABLE_OBJC_ARC = YES;
				CLANG_ENABLE_OBJC_WEAK = YES;
				CLANG_WARN_BLOCK_CAPTURE_AUTORELEASING = YES;
				CLANG_WARN_BOOL_CONVERSION = YES;
				CLANG_WARN_COMMA = YES;
				CLANG_WARN_CONSTANT_CONVERSION = YES;
				CLANG_WARN_DEPRECATED_OBJC_IMPLEMENTATIONS = YES;
				CLANG_WARN_DIRECT_OBJC_ISA_USAGE = YES_ERROR;
				CLANG_WARN_DOCUMENTATION_COMMENTS = YES;
				CLANG_WARN_EMPTY_BODY = YES;
				CLANG_WARN_ENUM_CONVERSION = YES;
				CLANG_WARN_INFINITE_RECURSION = YES;
				CLANG_WARN_INT_CONVERSION = YES;
				CLANG_WARN_NON_LITERAL_NULL_CONVERSION = YES;
				CLANG_WARN_OBJC_IMPLICIT_RETAIN_SELF = YES;
				CLANG_WARN_OBJC_LITERAL_CONVERSION = YES;
				CLANG_WARN_OBJC_ROOT_CLASS = YES_ERROR;
				CLANG_WARN_QUOTED_INCLUDE_IN_FRAMEWORK_HEADER = YES;
				CLANG_WARN_RANGE_LOOP_ANALYSIS = YES;
				CLANG_WARN_STRICT_PROTOTYPES = YES;
				CLANG_WARN_SUSPICIOUS_MOVE = YES;
				CLANG_WARN_UNGUARDED_AVAILABILITY = YES_AGGRESSIVE;
				CLANG_WARN_UNREACHABLE_CODE = YES;
				CLANG_WARN__DUPLICATE_METHOD_MATCH = YES;
				COPY_PHASE_STRIP = NO;
				DEBUG_INFORMATION_FORMAT = "dwarf-with-dsym";
				ENABLE_NS_ASSERTIONS = NO;
				ENABLE_STRICT_OBJC_MSGSEND = YES;
				GCC_C_LANGUAGE_STANDARD = gnu11;
				GCC_NO_COMMON_BLOCKS = YES;
				GCC_WARN_64_TO_32_BIT_CONVERSION = YES;
				GCC_WARN_ABOUT_RETURN_TYPE = YES_ERROR;
				GCC_WARN_UNDECLARED_SELECTOR = YES;
				GCC_WARN_UNINITIALIZED_AUTOS = YES_AGGRESSIVE;
				GCC_WARN_UNUSED_FUNCTION = YES;
				GCC_WARN_UNUSED_VARIABLE = YES;
				IPHONEOS_DEPLOYMENT_TARGET = 16.4;
				MTL_ENABLE_DEBUG_INFO = NO;
				MTL_FAST_MATH = YES;
				SDKROOT = iphoneos;
				SWIFT_COMPILATION_MODE = wholemodule;
				SWIFT_OPTIMIZATION_LEVEL = "-O";
				VALIDATE_PRODUCT = YES;
			};
			name = Release;
		};
		DE6A60042B0E58B7002DBAFA /* Debug */ = {
			isa = XCBuildConfiguration;
			buildSettings = {
				ASSETCATALOG_COMPILER_APPICON_NAME = AppIcon;
				ASSETCATALOG_COMPILER_GLOBAL_ACCENT_COLOR_NAME = AccentColor;
				CODE_SIGN_STYLE = Automatic;
				CURRENT_PROJECT_VERSION = 1;
				DEVELOPMENT_ASSET_PATHS = "\"dice/Preview Content\"";
				DEVELOPMENT_TEAM = 739389CWCZ;
				ENABLE_PREVIEWS = YES;
				GENERATE_INFOPLIST_FILE = YES;
				INFOPLIST_KEY_UIApplicationSceneManifest_Generation = YES;
				INFOPLIST_KEY_UIApplicationSupportsIndirectInputEvents = YES;
				INFOPLIST_KEY_UILaunchScreen_Generation = YES;
				INFOPLIST_KEY_UISupportedInterfaceOrientations_iPad = "UIInterfaceOrientationPortrait UIInterfaceOrientationPortraitUpsideDown UIInterfaceOrientationLandscapeLeft UIInterfaceOrientationLandscapeRight";
				INFOPLIST_KEY_UISupportedInterfaceOrientations_iPhone = "UIInterfaceOrientationPortrait UIInterfaceOrientationLandscapeLeft UIInterfaceOrientationLandscapeRight";
				LD_RUNPATH_SEARCH_PATHS = (
					"$(inherited)",
					"@executable_path/Frameworks",
				);
				MARKETING_VERSION = 1.0;
				PRODUCT_BUNDLE_IDENTIFIER = com.halley.starr.dice;
				PRODUCT_NAME = "$(TARGET_NAME)";
				SWIFT_EMIT_LOC_STRINGS = YES;
				SWIFT_VERSION = 5.0;
				TARGETED_DEVICE_FAMILY = "1,2";
			};
			name = Debug;
		};
		DE6A60052B0E58B7002DBAFA /* Release */ = {
			isa = XCBuildConfiguration;
			buildSettings = {
				ASSETCATALOG_COMPILER_APPICON_NAME = AppIcon;
				ASSETCATALOG_COMPILER_GLOBAL_ACCENT_COLOR_NAME = AccentColor;
				CODE_SIGN_STYLE = Automatic;
				CURRENT_PROJECT_VERSION = 1;
				DEVELOPMENT_ASSET_PATHS = "\"dice/Preview Content\"";
				DEVELOPMENT_TEAM = 739389CWCZ;
				ENABLE_PREVIEWS = YES;
				GENERATE_INFOPLIST_FILE = YES;
				INFOPLIST_KEY_UIApplicationSceneManifest_Generation = YES;
				INFOPLIST_KEY_UIApplicationSupportsIndirectInputEvents = YES;
				INFOPLIST_KEY_UILaunchScreen_Generation = YES;
				INFOPLIST_KEY_UISupportedInterfaceOrientations_iPad = "UIInterfaceOrientationPortrait UIInterfaceOrientationPortraitUpsideDown UIInterfaceOrientationLandscapeLeft UIInterfaceOrientationLandscapeRight";
				INFOPLIST_KEY_UISupportedInterfaceOrientations_iPhone = "UIInterfaceOrientationPortrait UIInterfaceOrientationLandscapeLeft UIInterfaceOrientationLandscapeRight";
				LD_RUNPATH_SEARCH_PATHS = (
					"$(inherited)",
					"@executable_path/Frameworks",
				);
				MARKETING_VERSION = 1.0;
				PRODUCT_BUNDLE_IDENTIFIER = com.halley.starr.dice;
				PRODUCT_NAME = "$(TARGET_NAME)";
				SWIFT_EMIT_LOC_STRINGS = YES;
				SWIFT_VERSION = 5.0;
				TARGETED_DEVICE_FAMILY = "1,2";
			};
			name = Release;
		};
		DE6A60072B0E58B7002DBAFA /* Debug */ = {
			isa = XCBuildConfiguration;
			buildSettings = {
				ALWAYS_EMBED_SWIFT_STANDARD_LIBRARIES = YES;
				BUNDLE_LOADER = "$(TEST_HOST)";
				CODE_SIGN_STYLE = Automatic;
				CURRENT_PROJECT_VERSION = 1;
				DEVELOPMENT_TEAM = 739389CWCZ;
				GENERATE_INFOPLIST_FILE = YES;
				IPHONEOS_DEPLOYMENT_TARGET = 16.4;
				MARKETING_VERSION = 1.0;
				PRODUCT_BUNDLE_IDENTIFIER = com.halley.starr.diceTests;
				PRODUCT_NAME = "$(TARGET_NAME)";
				SWIFT_EMIT_LOC_STRINGS = NO;
				SWIFT_VERSION = 5.0;
				TARGETED_DEVICE_FAMILY = "1,2";
				TEST_HOST = "$(BUILT_PRODUCTS_DIR)/dice.app/$(BUNDLE_EXECUTABLE_FOLDER_PATH)/dice";
			};
			name = Debug;
		};
		DE6A60082B0E58B7002DBAFA /* Release */ = {
			isa = XCBuildConfiguration;
			buildSettings = {
				ALWAYS_EMBED_SWIFT_STANDARD_LIBRARIES = YES;
				BUNDLE_LOADER = "$(TEST_HOST)";
				CODE_SIGN_STYLE = Automatic;
				CURRENT_PROJECT_VERSION = 1;
				DEVELOPMENT_TEAM = 739389CWCZ;
				GENERATE_INFOPLIST_FILE = YES;
				IPHONEOS_DEPLOYMENT_TARGET = 16.4;
				MARKETING_VERSION = 1.0;
				PRODUCT_BUNDLE_IDENTIFIER = com.halley.starr.diceTests;
				PRODUCT_NAME = "$(TARGET_NAME)";
				SWIFT_EMIT_LOC_STRINGS = NO;
				SWIFT_VERSION = 5.0;
				TARGETED_DEVICE_FAMILY = "1,2";
				TEST_HOST = "$(BUILT_PRODUCTS_DIR)/dice.app/$(BUNDLE_EXECUTABLE_FOLDER_PATH)/dice";
			};
			name = Release;
		};
		DE6A600A2B0E58B7002DBAFA /* Debug */ = {
			isa = XCBuildConfiguration;
			buildSettings = {
				ALWAYS_EMBED_SWIFT_STANDARD_LIBRARIES = YES;
				CODE_SIGN_STYLE = Automatic;
				CURRENT_PROJECT_VERSION = 1;
				DEVELOPMENT_TEAM = 739389CWCZ;
				GENERATE_INFOPLIST_FILE = YES;
				MARKETING_VERSION = 1.0;
				PRODUCT_BUNDLE_IDENTIFIER = com.halley.starr.diceUITests;
				PRODUCT_NAME = "$(TARGET_NAME)";
				SWIFT_EMIT_LOC_STRINGS = NO;
				SWIFT_VERSION = 5.0;
				TARGETED_DEVICE_FAMILY = "1,2";
				TEST_TARGET_NAME = dice;
			};
			name = Debug;
		};
		DE6A600B2B0E58B7002DBAFA /* Release */ = {
			isa = XCBuildConfiguration;
			buildSettings = {
				ALWAYS_EMBED_SWIFT_STANDARD_LIBRARIES = YES;
				CODE_SIGN_STYLE = Automatic;
				CURRENT_PROJECT_VERSION = 1;
				DEVELOPMENT_TEAM = 739389CWCZ;
				GENERATE_INFOPLIST_FILE = YES;
				MARKETING_VERSION = 1.0;
				PRODUCT_BUNDLE_IDENTIFIER = com.halley.starr.diceUITests;
				PRODUCT_NAME = "$(TARGET_NAME)";
				SWIFT_EMIT_LOC_STRINGS = NO;
				SWIFT_VERSION = 5.0;
				TARGETED_DEVICE_FAMILY = "1,2";
				TEST_TARGET_NAME = dice;
			};
			name = Release;
		};
/* End XCBuildConfiguration section */

/* Begin XCConfigurationList section */
		DE6A5FDA2B0E58B5002DBAFA /* Build configuration list for PBXProject "dice" */ = {
			isa = XCConfigurationList;
			buildConfigurations = (
				DE6A60012B0E58B7002DBAFA /* Debug */,
				DE6A60022B0E58B7002DBAFA /* Release */,
			);
			defaultConfigurationIsVisible = 0;
			defaultConfigurationName = Release;
		};
		DE6A60032B0E58B7002DBAFA /* Build configuration list for PBXNativeTarget "dice" */ = {
			isa = XCConfigurationList;
			buildConfigurations = (
				DE6A60042B0E58B7002DBAFA /* Debug */,
				DE6A60052B0E58B7002DBAFA /* Release */,
			);
			defaultConfigurationIsVisible = 0;
			defaultConfigurationName = Release;
		};
		DE6A60062B0E58B7002DBAFA /* Build configuration list for PBXNativeTarget "diceTests" */ = {
			isa = XCConfigurationList;
			buildConfigurations = (
				DE6A60072B0E58B7002DBAFA /* Debug */,
				DE6A60082B0E58B7002DBAFA /* Release */,
			);
			defaultConfigurationIsVisible = 0;
			defaultConfigurationName = Release;
		};
		DE6A60092B0E58B7002DBAFA /* Build configuration list for PBXNativeTarget "diceUITests" */ = {
			isa = XCConfigurationList;
			buildConfigurations = (
				DE6A600A2B0E58B7002DBAFA /* Debug */,
				DE6A600B2B0E58B7002DBAFA /* Release */,
			);
			defaultConfigurationIsVisible = 0;
			defaultConfigurationName = Release;
		};
/* End XCConfigurationList section */
	};
	rootObject = DE6A5FD72B0E58B5002DBAFA /* Project object */;
}
